{
  "name": "arulapp",
  "version": "2.0.4",
  "lockfileVersion": 2,
  "requires": true,
  "packages": {
    "": {
      "name": "arulapp",
      "version": "2.0.4",
      "license": "MIT",
      "dependencies": {
        "arulapp": "^2.0.1"
      }
    },
    "node_modules/arulapp": {
      "version": "2.0.1",
      "resolved": "https://registry.npmjs.org/arulapp/-/arulapp-2.0.1.tgz",
      "integrity": "sha512-6fx9ExhIrW9V2kj5dCrVP0a/1KYV9kzRZ1N80pyZrsdg/gh7usXQE0A9S7AITebRbop2ncE4jKZ0jf77dSHlGA=="
    }
  },
  "dependencies": {
    "arulapp": {
      "version": "2.0.1",
      "resolved": "https://registry.npmjs.org/arulapp/-/arulapp-2.0.1.tgz",
      "integrity": "sha512-6fx9ExhIrW9V2kj5dCrVP0a/1KYV9kzRZ1N80pyZrsdg/gh7usXQE0A9S7AITebRbop2ncE4jKZ0jf77dSHlGA=="
    }
  }
}
